
Microsoft Visual Studio Solution File, Format Version 12.00
# Visual Studio 15
VisualStudioVersion = 15.0.26730.15
MinimumVisualStudioVersion = 10.0.40219.1
Project("{FAE04EC0-301F-11D3-BF4B-00C04F79EFBC}") = "BenchmarkDotNet.PresentationSamples", "BenchmarkDotNet.PresentationSamples\BenchmarkDotNet.PresentationSamples.csproj", "{A3F8A624-C769-4445-867E-107BE093A570}"
EndProject
Global
	GlobalSection(SolutionConfigurationPlatforms) = preSolution
		Debug|Any CPU = Debug|Any CPU
		Release|Any CPU = Release|Any CPU
	EndGlobalSection
	GlobalSection(ProjectConfigurationPlatforms) = postSolution
		{A3F8A624-C769-4445-867E-107BE093A570}.Debug|Any CPU.ActiveCfg = Debug|Any CPU
		{A3F8A624-C769-4445-867E-107BE093A570}.Debug|Any CPU.Build.0 = Debug|Any CPU
		{A3F8A624-C769-4445-867E-107BE093A570}.Release|Any CPU.ActiveCfg = Release|Any CPU
		{A3F8A624-C769-4445-867E-107BE093A570}.Release|Any CPU.Build.0 = Release|Any CPU
	EndGlobalSection
	GlobalSection(SolutionProperties) = preSolution
		HideSolutionNode = FALSE
	EndGlobalSection
	GlobalSection(ExtensibilityGlobals) = postSolution
		SolutionGuid = {BEE240A1-C558-4085-9DC2-B7FDC2FC1ABF}
	EndGlobalSection
EndGlobal
